
Microsoft Visual Studio Solution File, Format Version 12.00
# Visual Studio 2012
Project("{FAE04EC0-301F-11D3-BF4B-00C04F79EFBC}") = "DesignPattern", "DesignPattern\DesignPattern.csproj", "{9BC43A44-7517-47CA-8618-09DF71A59270}"
EndProject
Global
	GlobalSection(SolutionConfigurationPlatforms) = preSolution
		Debug|Any CPU = Debug|Any CPU
		Release|Any CPU = Release|Any CPU
	EndGlobalSection
	GlobalSection(ProjectConfigurationPlatforms) = postSolution
		{9BC43A44-7517-47CA-8618-09DF71A59270}.Debug|Any CPU.ActiveCfg = Debug|Any CPU
		{9BC43A44-7517-47CA-8618-09DF71A59270}.Debug|Any CPU.Build.0 = Debug|Any CPU
		{9BC43A44-7517-47CA-8618-09DF71A59270}.Release|Any CPU.ActiveCfg = Release|Any CPU
		{9BC43A44-7517-47CA-8618-09DF71A59270}.Release|Any CPU.Build.0 = Release|Any CPU
	EndGlobalSection
EndGlobal
